
Microsoft Visual Studio Solution File, Format Version 12.00
# Visual Studio Version 17
VisualStudioVersion = 17.14.36408.4 d17.14
MinimumVisualStudioVersion = 10.0.40219.1
Project("{FAE04EC0-301F-11D3-BF4B-00C04F79EFBC}") = "APITesteDev", "APITesteDev.csproj", "{64AF99A9-8D8A-455D-B29E-0C1A596444E8}"
EndProject
Global
	GlobalSection(SolutionConfigurationPlatforms) = preSolution
		Debug|Any CPU = Debug|Any CPU
		Release|Any CPU = Release|Any CPU
	EndGlobalSection
	GlobalSection(ProjectConfigurationPlatforms) = postSolution
		{64AF99A9-8D8A-455D-B29E-0C1A596444E8}.Debug|Any CPU.ActiveCfg = Debug|Any CPU
		{64AF99A9-8D8A-455D-B29E-0C1A596444E8}.Debug|Any CPU.Build.0 = Debug|Any CPU
		{64AF99A9-8D8A-455D-B29E-0C1A596444E8}.Release|Any CPU.ActiveCfg = Release|Any CPU
		{64AF99A9-8D8A-455D-B29E-0C1A596444E8}.Release|Any CPU.Build.0 = Release|Any CPU
	EndGlobalSection
	GlobalSection(SolutionProperties) = preSolution
		HideSolutionNode = FALSE
	EndGlobalSection
	GlobalSection(ExtensibilityGlobals) = postSolution
		SolutionGuid = {DA7E6F13-7F62-456B-92F6-48CAED8054ED}
	EndGlobalSection
EndGlobal
